{
  "R": {
    "Version": "4.5.2",
    "Repositories": [
      {
        "Name": "CRAN",
        "URL": "https://cloud.r-project.org"
      }
    ]
  },
  "Packages": {
    "BH": {
      "Package": "BH",
      "Version": "1.90.0-1",
      "Source": "Repository",
      "Type": "Package",
      "Title": "Boost C++ Header Files",
      "Date": "2025-12-13",
      "Authors@R": "c(person(\"Dirk\", \"Eddelbuettel\", role = c(\"aut\", \"cre\"), email = \"edd@debian.org\", comment = c(ORCID = \"0000-0001-6419-907X\")), person(\"John W.\", \"Emerson\", role = \"aut\"),  person(\"Michael J.\", \"Kane\", role = \"aut\",  comment = c(ORCID = \"0000-0003-1899-6662\")))",
      "Description": "Boost provides free peer-reviewed portable C++ source  libraries.  A large part of Boost is provided as C++ template code which is resolved entirely at compile-time without linking.  This  package aims to provide the most useful subset of Boost libraries  for template use among CRAN packages. By placing these libraries in  this package, we offer a more efficient distribution system for CRAN  as replication of this code in the sources of other packages is  avoided. As of release 1.84.0-0, the following Boost libraries are included: 'accumulators' 'algorithm' 'align' 'any' 'atomic' 'beast' 'bimap' 'bind' 'circular_buffer' 'compute' 'concept' 'config' 'container' 'date_time' 'detail' 'dynamic_bitset' 'exception' 'flyweight' 'foreach' 'functional' 'fusion' 'geometry' 'graph' 'heap' 'icl' 'integer' 'interprocess' 'intrusive' 'io' 'iostreams' 'iterator' 'lambda2' 'math' 'move' 'mp11' 'mpl' 'multiprecision' 'numeric' 'pending' 'phoenix' 'polygon' 'preprocessor' 'process' 'propery_tree' 'qvm' 'random' 'range' 'scope_exit' 'smart_ptr' 'sort' 'spirit' 'tuple' 'type_traits' 'typeof' 'unordered' 'url' 'utility' 'uuid'.",
      "License": "BSL-1.0",
      "URL": "https://github.com/eddelbuettel/bh, https://dirk.eddelbuettel.com/code/bh.html",
      "BugReports": "https://github.com/eddelbuettel/bh/issues",
      "NeedsCompilation": "no",
      "Author": "Dirk Eddelbuettel [aut, cre] (ORCID: <https://orcid.org/0000-0001-6419-907X>), John W. Emerson [aut], Michael J. Kane [aut] (ORCID: <https://orcid.org/0000-0003-1899-6662>)",
      "Maintainer": "Dirk Eddelbuettel <edd@debian.org>",
      "Repository": "CRAN"
    },
    "Rcpp": {
      "Package": "Rcpp",
      "Version": "1.1.1",
      "Source": "Repository",
      "Title": "Seamless R and C++ Integration",
      "Date": "2026-01-07",
      "Authors@R": "c(person(\"Dirk\", \"Eddelbuettel\", role = c(\"aut\", \"cre\"), email = \"edd@debian.org\", comment = c(ORCID = \"0000-0001-6419-907X\")), person(\"Romain\", \"Francois\", role = \"aut\", comment = c(ORCID = \"0000-0002-2444-4226\")), person(\"JJ\", \"Allaire\", role = \"aut\", comment = c(ORCID = \"0000-0003-0174-9868\")), person(\"Kevin\", \"Ushey\", role = \"aut\", comment = c(ORCID = \"0000-0003-2880-7407\")), person(\"Qiang\", \"Kou\", role = \"aut\", comment = c(ORCID = \"0000-0001-6786-5453\")), person(\"Nathan\", \"Russell\", role = \"aut\"), person(\"Iñaki\", \"Ucar\", role = \"aut\", comment = c(ORCID = \"0000-0001-6403-5550\")), person(\"Doug\", \"Bates\", role = \"aut\", comment = c(ORCID = \"0000-0001-8316-9503\")), person(\"John\", \"Chambers\", role = \"aut\"))",
      "Description": "The 'Rcpp' package provides R functions as well as C++ classes which offer a seamless integration of R and C++. Many R data types and objects can be mapped back and forth to C++ equivalents which facilitates both writing of new code as well as easier integration of third-party libraries. Documentation about 'Rcpp' is provided by several vignettes included in this package, via the 'Rcpp Gallery' site at <https://gallery.rcpp.org>, the paper by Eddelbuettel and Francois (2011, <doi:10.18637/jss.v040.i08>), the book by Eddelbuettel (2013, <doi:10.1007/978-1-4614-6868-4>) and the paper by Eddelbuettel and Balamuta (2018, <doi:10.1080/00031305.2017.1375990>); see 'citation(\"Rcpp\")' for details.",
      "Depends": [
        "R (>= 3.5.0)"
      ],
      "Imports": [
        "methods",
        "utils"
      ],
      "Suggests": [
        "tinytest",
        "inline",
        "rbenchmark",
        "pkgKitten (>= 0.1.2)"
      ],
      "URL": "https://www.rcpp.org, https://dirk.eddelbuettel.com/code/rcpp.html, https://github.com/RcppCore/Rcpp",
      "License": "GPL (>= 2)",
      "BugReports": "https://github.com/RcppCore/Rcpp/issues",
      "MailingList": "rcpp-devel@lists.r-forge.r-project.org",
      "RoxygenNote": "6.1.1",
      "Encoding": "UTF-8",
      "VignetteBuilder": "Rcpp",
      "NeedsCompilation": "yes",
      "Author": "Dirk Eddelbuettel [aut, cre] (ORCID: <https://orcid.org/0000-0001-6419-907X>), Romain Francois [aut] (ORCID: <https://orcid.org/0000-0002-2444-4226>), JJ Allaire [aut] (ORCID: <https://orcid.org/0000-0003-0174-9868>), Kevin Ushey [aut] (ORCID: <https://orcid.org/0000-0003-2880-7407>), Qiang Kou [aut] (ORCID: <https://orcid.org/0000-0001-6786-5453>), Nathan Russell [aut], Iñaki Ucar [aut] (ORCID: <https://orcid.org/0000-0001-6403-5550>), Doug Bates [aut] (ORCID: <https://orcid.org/0000-0001-8316-9503>), John Chambers [aut]",
      "Maintainer": "Dirk Eddelbuettel <edd@debian.org>",
      "Repository": "CRAN"
    },
    "RcppParallel": {
      "Package": "RcppParallel",
      "Version": "5.1.11-2",
      "Source": "Repository",
      "Type": "Package",
      "Title": "Parallel Programming Tools for 'Rcpp'",
      "Authors@R": "c( person(\"JJ\", \"Allaire\", role = c(\"aut\"), email = \"jj@rstudio.com\"), person(\"Romain\", \"Francois\", role = c(\"aut\", \"cph\")), person(\"Kevin\", \"Ushey\", role = c(\"aut\", \"cre\"), email = \"kevin@rstudio.com\"), person(\"Gregory\", \"Vandenbrouck\", role = \"aut\"), person(\"Marcus\", \"Geelnard\", role = c(\"aut\", \"cph\"), comment = \"TinyThread library, https://tinythreadpp.bitsnbites.eu/\"), person(\"Hamada S.\", \"Badr\", email = \"badr@jhu.edu\", role = c(\"ctb\"), comment = c(ORCID = \"0000-0002-9808-2344\")), person(family = \"Posit, PBC\", role = \"cph\"), person(family = \"Intel\", role = c(\"aut\", \"cph\"), comment = \"Intel TBB library, https://www.threadingbuildingblocks.org/\"), person(family = \"Microsoft\", role = \"cph\") )",
      "Description": "High level functions for parallel programming with 'Rcpp'. For example, the 'parallelFor()' function can be used to convert the work of a standard serial \"for\" loop into a parallel one and the 'parallelReduce()' function can be used for accumulating aggregate or other values.",
      "Depends": [
        "R (>= 3.0.2)"
      ],
      "Suggests": [
        "Rcpp",
        "RUnit",
        "knitr",
        "rmarkdown"
      ],
      "SystemRequirements": "GNU make, Intel TBB, Windows: cmd.exe and cscript.exe, Solaris: g++ is required",
      "License": "GPL (>= 3)",
      "URL": "https://rcppcore.github.io/RcppParallel/, https://github.com/RcppCore/RcppParallel",
      "BugReports": "https://github.com/RcppCore/RcppParallel/issues",
      "Biarch": "TRUE",
      "RoxygenNote": "7.1.1",
      "Encoding": "UTF-8",
      "NeedsCompilation": "yes",
      "Maintainer": "Kevin Ushey <kevin@rstudio.com>",
      "Author": "JJ Allaire [aut], Romain Francois [aut, cph], Kevin Ushey [aut, cre], Gregory Vandenbrouck [aut], Marcus Geelnard [aut, cph] (TinyThread library, https://tinythreadpp.bitsnbites.eu/), Hamada S. Badr [ctb] (ORCID: <https://orcid.org/0000-0002-9808-2344>), Posit, PBC [cph], Intel [aut, cph] (Intel TBB library, https://www.threadingbuildingblocks.org/), Microsoft [cph]",
      "Repository": "CRAN"
    },
    "renv": {
      "Package": "renv",
      "Version": "1.1.7",
      "Source": "Repository",
      "Type": "Package",
      "Title": "Project Environments",
      "Authors@R": "c( person(\"Kevin\", \"Ushey\", role = c(\"aut\", \"cre\"), email = \"kevin@rstudio.com\", comment = c(ORCID = \"0000-0003-2880-7407\")), person(\"Hadley\", \"Wickham\", role = c(\"aut\"), email = \"hadley@rstudio.com\", comment = c(ORCID = \"0000-0003-4757-117X\")), person(\"Posit Software, PBC\", role = c(\"cph\", \"fnd\")) )",
      "Description": "A dependency management toolkit for R. Using 'renv', you can create and manage project-local R libraries, save the state of these libraries to a 'lockfile', and later restore your library as required. Together, these tools can help make your projects more isolated, portable, and reproducible.",
      "License": "MIT + file LICENSE",
      "URL": "https://rstudio.github.io/renv/, https://github.com/rstudio/renv",
      "BugReports": "https://github.com/rstudio/renv/issues",
      "Imports": [
        "utils"
      ],
      "Suggests": [
        "BiocManager",
        "cli",
        "compiler",
        "covr",
        "cpp11",
        "curl",
        "devtools",
        "generics",
        "gitcreds",
        "jsonlite",
        "jsonvalidate",
        "knitr",
        "miniUI",
        "modules",
        "packrat",
        "pak",
        "R6",
        "remotes",
        "reticulate",
        "rmarkdown",
        "rstudioapi",
        "shiny",
        "testthat",
        "uuid",
        "waldo",
        "yaml",
        "webfakes"
      ],
      "Encoding": "UTF-8",
      "RoxygenNote": "7.3.3",
      "VignetteBuilder": "knitr",
      "Config/Needs/website": "tidyverse/tidytemplate",
      "Config/testthat/edition": "3",
      "Config/testthat/parallel": "true",
      "Config/testthat/start-first": "bioconductor,python,install,restore,snapshot,retrieve,remotes",
      "NeedsCompilation": "no",
      "Author": "Kevin Ushey [aut, cre] (ORCID: <https://orcid.org/0000-0003-2880-7407>), Hadley Wickham [aut] (ORCID: <https://orcid.org/0000-0003-4757-117X>), Posit Software, PBC [cph, fnd]",
      "Maintainer": "Kevin Ushey <kevin@rstudio.com>",
      "Repository": "RSPM"
    }
  }
}
